
Microsoft Visual Studio Solution File, Format Version 12.00
# Visual Studio Version 17
VisualStudioVersion = 17.4.33205.214
MinimumVisualStudioVersion = 10.0.40219.1
Project("{9A19103F-16F7-4668-BE54-9A1E7A4F7556}") = "Tweeter-App", "Tweeter-App\Tweeter-App.csproj", "{19AAFDE1-14A6-4B9F-AFA8-CB3916FB395B}"
EndProject
Global
	GlobalSection(SolutionConfigurationPlatforms) = preSolution
		Debug|Any CPU = Debug|Any CPU
		Release|Any CPU = Release|Any CPU
	EndGlobalSection
	GlobalSection(ProjectConfigurationPlatforms) = postSolution
		{19AAFDE1-14A6-4B9F-AFA8-CB3916FB395B}.Debug|Any CPU.ActiveCfg = Debug|Any CPU
		{19AAFDE1-14A6-4B9F-AFA8-CB3916FB395B}.Debug|Any CPU.Build.0 = Debug|Any CPU
		{19AAFDE1-14A6-4B9F-AFA8-CB3916FB395B}.Release|Any CPU.ActiveCfg = Release|Any CPU
		{19AAFDE1-14A6-4B9F-AFA8-CB3916FB395B}.Release|Any CPU.Build.0 = Release|Any CPU
	EndGlobalSection
	GlobalSection(SolutionProperties) = preSolution
		HideSolutionNode = FALSE
	EndGlobalSection
	GlobalSection(ExtensibilityGlobals) = postSolution
		SolutionGuid = {0D6C4E52-9035-425A-A2E8-90E8320BA4B7}
	EndGlobalSection
EndGlobal
